
Microsoft Visual Studio Solution File, Format Version 12.00
# Visual Studio Version 16
VisualStudioVersion = 16.0.33801.447
MinimumVisualStudioVersion = 10.0.40219.1
Project("{9A19103F-16F7-4668-BE54-9A1E7A4F7556}") = "1 - Api", "TRIESSO\1 - Api.csproj", "{FA008151-5F6E-4A8D-BA48-8A6CD069432A}"
EndProject
Project("{9A19103F-16F7-4668-BE54-9A1E7A4F7556}") = "2 - Domain", "TRIESSO.DOMAIN\2 - Domain.csproj", "{01DAE3EF-C1B1-4140-9374-CBCEF2509B5F}"
EndProject
Project("{FAE04EC0-301F-11D3-BF4B-00C04F79EFBC}") = "3 - Infra", "Infra\3 - Infra.csproj", "{EF0155F3-0129-4296-A667-99D753535CE0}"
EndProject
Global
	GlobalSection(SolutionConfigurationPlatforms) = preSolution
		Debug|Any CPU = Debug|Any CPU
		Release|Any CPU = Release|Any CPU
	EndGlobalSection
	GlobalSection(ProjectConfigurationPlatforms) = postSolution
		{FA008151-5F6E-4A8D-BA48-8A6CD069432A}.Debug|Any CPU.ActiveCfg = Debug|Any CPU
		{FA008151-5F6E-4A8D-BA48-8A6CD069432A}.Debug|Any CPU.Build.0 = Debug|Any CPU
		{FA008151-5F6E-4A8D-BA48-8A6CD069432A}.Release|Any CPU.ActiveCfg = Release|Any CPU
		{FA008151-5F6E-4A8D-BA48-8A6CD069432A}.Release|Any CPU.Build.0 = Release|Any CPU
		{01DAE3EF-C1B1-4140-9374-CBCEF2509B5F}.Debug|Any CPU.ActiveCfg = Debug|Any CPU
		{01DAE3EF-C1B1-4140-9374-CBCEF2509B5F}.Debug|Any CPU.Build.0 = Debug|Any CPU
		{01DAE3EF-C1B1-4140-9374-CBCEF2509B5F}.Release|Any CPU.ActiveCfg = Release|Any CPU
		{01DAE3EF-C1B1-4140-9374-CBCEF2509B5F}.Release|Any CPU.Build.0 = Release|Any CPU
		{EF0155F3-0129-4296-A667-99D753535CE0}.Debug|Any CPU.ActiveCfg = Debug|Any CPU
		{EF0155F3-0129-4296-A667-99D753535CE0}.Debug|Any CPU.Build.0 = Debug|Any CPU
		{EF0155F3-0129-4296-A667-99D753535CE0}.Release|Any CPU.ActiveCfg = Release|Any CPU
		{EF0155F3-0129-4296-A667-99D753535CE0}.Release|Any CPU.Build.0 = Release|Any CPU
	EndGlobalSection
	GlobalSection(SolutionProperties) = preSolution
		HideSolutionNode = FALSE
	EndGlobalSection
	GlobalSection(ExtensibilityGlobals) = postSolution
		SolutionGuid = {BC37895D-E344-4648-B014-A3480C09B29E}
	EndGlobalSection
EndGlobal
